
Microsoft Visual Studio Solution File, Format Version 12.00
# Visual Studio 15
VisualStudioVersion = 15.0.27130.2010
MinimumVisualStudioVersion = 10.0.40219.1
Project("{FAE04EC0-301F-11D3-BF4B-00C04F79EFBC}") = "arrays", "arrays\arrays.csproj", "{34A1FEA8-3562-477F-B0A9-91CDCECD7F2C}"
EndProject
Global
	GlobalSection(SolutionConfigurationPlatforms) = preSolution
		Debug|Any CPU = Debug|Any CPU
		Release|Any CPU = Release|Any CPU
	EndGlobalSection
	GlobalSection(ProjectConfigurationPlatforms) = postSolution
		{34A1FEA8-3562-477F-B0A9-91CDCECD7F2C}.Debug|Any CPU.ActiveCfg = Debug|Any CPU
		{34A1FEA8-3562-477F-B0A9-91CDCECD7F2C}.Debug|Any CPU.Build.0 = Debug|Any CPU
		{34A1FEA8-3562-477F-B0A9-91CDCECD7F2C}.Release|Any CPU.ActiveCfg = Release|Any CPU
		{34A1FEA8-3562-477F-B0A9-91CDCECD7F2C}.Release|Any CPU.Build.0 = Release|Any CPU
	EndGlobalSection
	GlobalSection(SolutionProperties) = preSolution
		HideSolutionNode = FALSE
	EndGlobalSection
	GlobalSection(ExtensibilityGlobals) = postSolution
		SolutionGuid = {CB3856FA-53FA-44A7-8065-D8FD02CA836C}
	EndGlobalSection
EndGlobal
