
Microsoft Visual Studio Solution File, Format Version 12.00
# Visual Studio 15
VisualStudioVersion = 15.0.27130.2010
MinimumVisualStudioVersion = 10.0.40219.1
Project("{FAE04EC0-301F-11D3-BF4B-00C04F79EFBC}") = "variables-and-constants", "variables-and-constants\variables-and-constants.csproj", "{A850423A-A1A3-4FEC-884B-03ADBA92511B}"
EndProject
Global
	GlobalSection(SolutionConfigurationPlatforms) = preSolution
		Debug|Any CPU = Debug|Any CPU
		Release|Any CPU = Release|Any CPU
	EndGlobalSection
	GlobalSection(ProjectConfigurationPlatforms) = postSolution
		{A850423A-A1A3-4FEC-884B-03ADBA92511B}.Debug|Any CPU.ActiveCfg = Debug|Any CPU
		{A850423A-A1A3-4FEC-884B-03ADBA92511B}.Debug|Any CPU.Build.0 = Debug|Any CPU
		{A850423A-A1A3-4FEC-884B-03ADBA92511B}.Release|Any CPU.ActiveCfg = Release|Any CPU
		{A850423A-A1A3-4FEC-884B-03ADBA92511B}.Release|Any CPU.Build.0 = Release|Any CPU
	EndGlobalSection
	GlobalSection(SolutionProperties) = preSolution
		HideSolutionNode = FALSE
	EndGlobalSection
	GlobalSection(ExtensibilityGlobals) = postSolution
		SolutionGuid = {03C7228A-8972-4ECB-9F4F-1FBE7F01AA89}
	EndGlobalSection
EndGlobal
