
Microsoft Visual Studio Solution File, Format Version 12.00
# Visual Studio 15
VisualStudioVersion = 15.0.27130.2010
MinimumVisualStudioVersion = 10.0.40219.1
Project("{FAE04EC0-301F-11D3-BF4B-00C04F79EFBC}") = "operators", "operators\operators.csproj", "{B7C0D9CC-803F-45A3-89C4-6B00B076692B}"
EndProject
Global
	GlobalSection(SolutionConfigurationPlatforms) = preSolution
		Debug|Any CPU = Debug|Any CPU
		Release|Any CPU = Release|Any CPU
	EndGlobalSection
	GlobalSection(ProjectConfigurationPlatforms) = postSolution
		{B7C0D9CC-803F-45A3-89C4-6B00B076692B}.Debug|Any CPU.ActiveCfg = Debug|Any CPU
		{B7C0D9CC-803F-45A3-89C4-6B00B076692B}.Debug|Any CPU.Build.0 = Debug|Any CPU
		{B7C0D9CC-803F-45A3-89C4-6B00B076692B}.Release|Any CPU.ActiveCfg = Release|Any CPU
		{B7C0D9CC-803F-45A3-89C4-6B00B076692B}.Release|Any CPU.Build.0 = Release|Any CPU
	EndGlobalSection
	GlobalSection(SolutionProperties) = preSolution
		HideSolutionNode = FALSE
	EndGlobalSection
	GlobalSection(ExtensibilityGlobals) = postSolution
		SolutionGuid = {94BF3909-A093-41B4-8027-17C7194102BE}
	EndGlobalSection
EndGlobal
